
Microsoft Visual Studio Solution File, Format Version 12.00
# Visual Studio Version 17
VisualStudioVersion = 17.11.35312.102
MinimumVisualStudioVersion = 10.0.40219.1
Project("{FAE04EC0-301F-11D3-BF4B-00C04F79EFBC}") = "GamesInventory.Models", "GamesInventory.Models\GamesInventory.Models.csproj", "{3E6DE392-075E-44E9-B5A4-B2DB2BC0873D}"
EndProject
Project("{FAE04EC0-301F-11D3-BF4B-00C04F79EFBC}") = "GamesInventory.Test", "GamesInventory.Test\GamesInventory.Test.csproj", "{08D1CD29-6CCB-42B6-8750-D409E53B128A}"
EndProject
Global
	GlobalSection(SolutionConfigurationPlatforms) = preSolution
		Debug|Any CPU = Debug|Any CPU
		Release|Any CPU = Release|Any CPU
	EndGlobalSection
	GlobalSection(ProjectConfigurationPlatforms) = postSolution
		{3E6DE392-075E-44E9-B5A4-B2DB2BC0873D}.Debug|Any CPU.ActiveCfg = Debug|Any CPU
		{3E6DE392-075E-44E9-B5A4-B2DB2BC0873D}.Debug|Any CPU.Build.0 = Debug|Any CPU
		{3E6DE392-075E-44E9-B5A4-B2DB2BC0873D}.Release|Any CPU.ActiveCfg = Release|Any CPU
		{3E6DE392-075E-44E9-B5A4-B2DB2BC0873D}.Release|Any CPU.Build.0 = Release|Any CPU
		{08D1CD29-6CCB-42B6-8750-D409E53B128A}.Debug|Any CPU.ActiveCfg = Debug|Any CPU
		{08D1CD29-6CCB-42B6-8750-D409E53B128A}.Debug|Any CPU.Build.0 = Debug|Any CPU
		{08D1CD29-6CCB-42B6-8750-D409E53B128A}.Release|Any CPU.ActiveCfg = Release|Any CPU
		{08D1CD29-6CCB-42B6-8750-D409E53B128A}.Release|Any CPU.Build.0 = Release|Any CPU
	EndGlobalSection
	GlobalSection(SolutionProperties) = preSolution
		HideSolutionNode = FALSE
	EndGlobalSection
	GlobalSection(ExtensibilityGlobals) = postSolution
		SolutionGuid = {A51B57C5-1AA7-4DF1-868E-FABE54273C22}
	EndGlobalSection
EndGlobal
